
Microsoft Visual Studio Solution File, Format Version 12.00
# Visual Studio Version 16
VisualStudioVersion = 16.0.30002.166
MinimumVisualStudioVersion = 10.0.40219.1
Project("{FAE04EC0-301F-11D3-BF4B-00C04F79EFBC}") = "ServerControlPrac", "ServerControlPrac\ServerControlPrac.csproj", "{61E04D76-6FE0-4B4D-BBE1-96AC4F3BE289}"
EndProject
Global
	GlobalSection(SolutionConfigurationPlatforms) = preSolution
		Debug|Any CPU = Debug|Any CPU
		Release|Any CPU = Release|Any CPU
	EndGlobalSection
	GlobalSection(ProjectConfigurationPlatforms) = postSolution
		{61E04D76-6FE0-4B4D-BBE1-96AC4F3BE289}.Debug|Any CPU.ActiveCfg = Debug|Any CPU
		{61E04D76-6FE0-4B4D-BBE1-96AC4F3BE289}.Debug|Any CPU.Build.0 = Debug|Any CPU
		{61E04D76-6FE0-4B4D-BBE1-96AC4F3BE289}.Release|Any CPU.ActiveCfg = Release|Any CPU
		{61E04D76-6FE0-4B4D-BBE1-96AC4F3BE289}.Release|Any CPU.Build.0 = Release|Any CPU
	EndGlobalSection
	GlobalSection(SolutionProperties) = preSolution
		HideSolutionNode = FALSE
	EndGlobalSection
	GlobalSection(ExtensibilityGlobals) = postSolution
		SolutionGuid = {5C5AF0E9-8633-424C-B47D-957010665F74}
	EndGlobalSection
EndGlobal
